
Microsoft Visual Studio Solution File, Format Version 12.00
# Visual Studio Version 17
VisualStudioVersion = 17.1.32228.430
MinimumVisualStudioVersion = 10.0.40219.1
Project("{FAE04EC0-301F-11D3-BF4B-00C04F79EFBC}") = "CSharp-String-Array-Methods", "CSharp-String-Array-Methods.csproj", "{DA93F70B-B280-4416-A9BF-1974E085068C}"
EndProject
Global
	GlobalSection(SolutionConfigurationPlatforms) = preSolution
		Debug|Any CPU = Debug|Any CPU
		Release|Any CPU = Release|Any CPU
	EndGlobalSection
	GlobalSection(ProjectConfigurationPlatforms) = postSolution
		{DA93F70B-B280-4416-A9BF-1974E085068C}.Debug|Any CPU.ActiveCfg = Debug|Any CPU
		{DA93F70B-B280-4416-A9BF-1974E085068C}.Debug|Any CPU.Build.0 = Debug|Any CPU
		{DA93F70B-B280-4416-A9BF-1974E085068C}.Release|Any CPU.ActiveCfg = Release|Any CPU
		{DA93F70B-B280-4416-A9BF-1974E085068C}.Release|Any CPU.Build.0 = Release|Any CPU
	EndGlobalSection
	GlobalSection(SolutionProperties) = preSolution
		HideSolutionNode = FALSE
	EndGlobalSection
	GlobalSection(ExtensibilityGlobals) = postSolution
		SolutionGuid = {B51A92B4-7D32-4BF9-84BF-1D0446A896C1}
	EndGlobalSection
EndGlobal
